Microsoft Visual Studio Solution File, Format Version 11.00
# Visual Studio 2008

Project("{D219A4EA-789F-09B5-DE9C-F47511D2A31B}") = "ShowMessageBox", "Assembly-CSharp.csproj", "{BC2C5D1C-32F9-B54E-90B9-AD28A858748D}"
EndProject
Project("{D219A4EA-789F-09B5-DE9C-F47511D2A31B}") = "ShowMessageBox", "Assembly-UnityScript.unityproj", "{ED9DDDBB-B806-336D-F844-438C566FF84A}"
EndProject
Global
	GlobalSection(SolutionConfigurationPlatforms) = preSolution
		Debug|Any CPU = Debug|Any CPU
		Release|Any CPU = Release|Any CPU
	EndGlobalSection
	GlobalSection(ProjectConfigurationPlatforms) = postSolution
		{BC2C5D1C-32F9-B54E-90B9-AD28A858748D}.Debug|Any CPU.ActiveCfg = Debug|Any CPU
		{BC2C5D1C-32F9-B54E-90B9-AD28A858748D}.Debug|Any CPU.Build.0 = Debug|Any CPU
		{BC2C5D1C-32F9-B54E-90B9-AD28A858748D}.Release|Any CPU.ActiveCfg = Release|Any CPU
		{BC2C5D1C-32F9-B54E-90B9-AD28A858748D}.Release|Any CPU.Build.0 = Release|Any CPU
		{ED9DDDBB-B806-336D-F844-438C566FF84A}.Debug|Any CPU.ActiveCfg = Debug|Any CPU
		{ED9DDDBB-B806-336D-F844-438C566FF84A}.Debug|Any CPU.Build.0 = Debug|Any CPU
		{ED9DDDBB-B806-336D-F844-438C566FF84A}.Release|Any CPU.ActiveCfg = Release|Any CPU
		{ED9DDDBB-B806-336D-F844-438C566FF84A}.Release|Any CPU.Build.0 = Release|Any CPU
	EndGlobalSection
	GlobalSection(SolutionProperties) = preSolution
		HideSolutionNode = FALSE
	EndGlobalSection
																																													GlobalSection(MonoDevelopProperties) = preSolution
		StartupItem = Assembly-CSharp.csproj
		Policies = $0
		$0.TextStylePolicy = $1
		$1.inheritsSet = null
		$1.scope = text/x-csharp
		$0.CSharpFormattingPolicy = $2
		$2.inheritsSet = Mono
		$2.inheritsScope = text/x-csharp
		$2.scope = text/x-csharp
		$0.TextStylePolicy = $3
		$3.FileWidth = 120
		$3.TabWidth = 4
		$3.EolMarker = Unix
		$3.inheritsSet = Mono
		$3.inheritsScope = text/plain
		$3.scope = text/plain
	EndGlobalSection

EndGlobal
